{
  "schemaVersion": "seolleyeon_hermes_one_asset_loop_v3",
  "pid": 35864,
  "startedAt": "2026-05-20T17:02:31+00:00",
  "heartbeatAt": "2026-05-20T22:25:53+00:00",
  "mode": "chunk",
  "chunkId": "chunk_20260520T143832Z",
  "assetId": "female_120__vibe_card__v001",
  "currentState": "RECONCILE_APPLY"
}
